{
  "originHash" : "b6dd7dd052f0f4b07a69138b97052b92402c85c7844213056de45080199124df",
  "pins" : [
    {
      "identity" : "blecombinekit",
      "kind" : "remoteSourceControl",
      "location" : "https://github.com/Henryforce/BLECombineKit",
      "state" : {
        "branch" : "master",
        "revision" : "96ec62a771234a3a1374a4f747cf6ed04c637a25"
      }
    }
  ],
  "version" : 3
}
