{
  "originHash" : "b6dd7dd052f0f4b07a69138b97052b92402c85c7844213056de45080199124df",
  "pins" : [
    {
      "identity" : "blecombinekit",
      "kind" : "remoteSourceControl",
      "location" : "https://github.com/Henryforce/BLECombineKit",
      "state" : {
        "revision" : "256fd004c7969b7d15deec155883c1445ee9b959",
        "version" : "0.1.9"
      }
    },
    {
      "identity" : "combineext",
      "kind" : "remoteSourceControl",
      "location" : "https://github.com/CombineCommunity/CombineExt.git",
      "state" : {
        "revision" : "d7b896fa9ca8b47fa7bcde6b43ef9b70bf8c1f56",
        "version" : "1.8.1"
      }
    }
  ],
  "version" : 3
}
