{
  "originHash" : "b6dd7dd052f0f4b07a69138b97052b92402c85c7844213056de45080199124df",
  "pins" : [
    {
      "identity" : "blecombinekit",
      "kind" : "remoteSourceControl",
      "location" : "https://github.com/Henryforce/BLECombineKit",
      "state" : {
        "branch" : "update_observe_notify",
        "revision" : "e394c3d06bf47fa13395c229b0470a8563f0d749"
      }
    }
  ],
  "version" : 3
}
